
Microsoft Visual Studio Solution File, Format Version 12.00
# Visual Studio Version 16
VisualStudioVersion = 16.0.30503.244
MinimumVisualStudioVersion = 10.0.40219.1
Project("{FAE04EC0-301F-11D3-BF4B-00C04F79EFBC}") = "EchoBot_RS", "EchoBot_RS\EchoBot_RS.csproj", "{DF7F8516-DFDD-4130-AA71-394FD3F08117}"
EndProject
Global
	GlobalSection(SolutionConfigurationPlatforms) = preSolution
		Debug|Any CPU = Debug|Any CPU
		Release|Any CPU = Release|Any CPU
	EndGlobalSection
	GlobalSection(ProjectConfigurationPlatforms) = postSolution
		{DF7F8516-DFDD-4130-AA71-394FD3F08117}.Debug|Any CPU.ActiveCfg = Debug|Any CPU
		{DF7F8516-DFDD-4130-AA71-394FD3F08117}.Debug|Any CPU.Build.0 = Debug|Any CPU
		{DF7F8516-DFDD-4130-AA71-394FD3F08117}.Release|Any CPU.ActiveCfg = Release|Any CPU
		{DF7F8516-DFDD-4130-AA71-394FD3F08117}.Release|Any CPU.Build.0 = Release|Any CPU
	EndGlobalSection
	GlobalSection(SolutionProperties) = preSolution
		HideSolutionNode = FALSE
	EndGlobalSection
	GlobalSection(ExtensibilityGlobals) = postSolution
		SolutionGuid = {9932681A-3CFA-4EE3-BD35-2628FB3B9C2F}
	EndGlobalSection
EndGlobal
